<?xml version="1.0" encoding="utf-8"?>
<Project ToolsVersion="4.0" xmlns="http://schemas.microsoft.com/developer/msbuild/2003">
  <ItemGroup>
    <ClCompile Include="System\Window.cpp" />
    <ClCompile Include="Framework.cpp" />
  </ItemGroup>
  <ItemGroup>
    <ClInclude Include="System\Window.h" />
    <ClInclude Include="Framework.h" />
    <ClInclude Include="System\IExecute.h" />
  </ItemGroup>
</Project>